PODS:
  - StoryboardKit (0.5.7):
    - SWXMLHash
  - SWXMLHash (2.5.0)

DEPENDENCIES:
  - StoryboardKit (from `../`)

EXTERNAL SOURCES:
  StoryboardKit:
    :path: "../"

SPEC CHECKSUMS:
  StoryboardKit: 27ed647e61663d0e548290820a574cd52f437c43
  SWXMLHash: 04158642e0c90c52274db7914032edd41bed9a41

PODFILE CHECKSUM: b29a5efaf365d56920c542e37990cb965160bc23

COCOAPODS: 1.0.1
