PODS:
  - StoryboardKit (0.5.6):
    - SWXMLHash
  - SWXMLHash (2.1.0)

DEPENDENCIES:
  - StoryboardKit (from `../`)

EXTERNAL SOURCES:
  StoryboardKit:
    :path: "../"

SPEC CHECKSUMS:
  StoryboardKit: 14608442aa5d5b14d81325499469ef90c8000a39
  SWXMLHash: 7257a358b3ab2f7a209e0b4e4cf552e8b6df5f0f

PODFILE CHECKSUM: b29a5efaf365d56920c542e37990cb965160bc23

COCOAPODS: 1.0.0
